github.com/google/go-cmp v0.5.6 h1:BKbKCqvP6I+rmFHt06ZmyQtvB8xAkWdhFyr0ZUNZcxQ=
github.com/google/go-cmp v0.5.6/go.mod h1:v8dTdLbMG2kIc/vJvl+f65V22dbkXbowE6jgT/gNBxE=
github.com/tencentcloud/tencentcloud-sdk-go/tencentcloud/common v1.0.480/go.mod h1:7sCQWVkxcsR38nffDW057DRGk8mUjK1Ing/EFOK8s8Y=
github.com/tencentcloud/tencentcloud-sdk-go/tencentcloud/common v1.0.483 h1:lIqcfT/FujrqowBqs4wn3e7r1qBhqP4un9wsaUVbJCo=
github.com/tencentcloud/tencentcloud-sdk-go/tencentcloud/common v1.0.483/go.mod h1:7sCQWVkxcsR38nffDW057DRGk8mUjK1Ing/EFOK8s8Y=
github.com/tencentcloud/tencentcloud-sdk-go/tencentcloud/tdmq v1.0.480 h1:lygUJ+HpSidlM36rklnActOLErzdA4hCqhKMhMfRCT8=
github.com/tencentcloud/tencentcloud-sdk-go/tencentcloud/tdmq v1.0.480/go.mod h1:uK69ySTW6I+sdzvtNl2wQsQ6O8fbxylgLU0KGnCOqQ8=
github.com/yougg/flaggy v0.0.0-20220829034919-0d1fbaa1a93b h1:l8+XNzsgVpdBcPM9B7C8rGRUbDc+x+SjdOl7kxuBNgQ=
github.com/yougg/flaggy v0.0.0-20220829034919-0d1fbaa1a93b/go.mod h1:dO13u7SYuhk910nayCJ+s1DeAAGC1THCMj1uSFmwtQ8=
golang.org/x/xerrors v0.0.0-20191204190536-9bdfabe68543/go.mod h1:I/5z698sn9Ka8TeJc9MKroUUfqBBauWjQqLJ2OPfmY0=
